
Microsoft Visual Studio Solution File, Format Version 12.00
# Visual Studio Version 17
VisualStudioVersion = 17.2.32602.215
MinimumVisualStudioVersion = 10.0.40219.1
Project("{FAE04EC0-301F-11D3-BF4B-00C04F79EFBC}") = "HelloWorld", "HelloWorld\HelloWorld.csproj", "{929783E5-0CA4-490D-A781-8D623210C575}"
EndProject
Project("{FAE04EC0-301F-11D3-BF4B-00C04F79EFBC}") = "TiposEVariaveis", "TiposEVariaveis\TiposEVariaveis.csproj", "{84DB1E66-4D07-4EC1-B6FA-6099AA8834A5}"
EndProject
Global
	GlobalSection(SolutionConfigurationPlatforms) = preSolution
		Debug|Any CPU = Debug|Any CPU
		Release|Any CPU = Release|Any CPU
	EndGlobalSection
	GlobalSection(ProjectConfigurationPlatforms) = postSolution
		{929783E5-0CA4-490D-A781-8D623210C575}.Debug|Any CPU.ActiveCfg = Debug|Any CPU
		{929783E5-0CA4-490D-A781-8D623210C575}.Debug|Any CPU.Build.0 = Debug|Any CPU
		{929783E5-0CA4-490D-A781-8D623210C575}.Release|Any CPU.ActiveCfg = Release|Any CPU
		{929783E5-0CA4-490D-A781-8D623210C575}.Release|Any CPU.Build.0 = Release|Any CPU
		{84DB1E66-4D07-4EC1-B6FA-6099AA8834A5}.Debug|Any CPU.ActiveCfg = Debug|Any CPU
		{84DB1E66-4D07-4EC1-B6FA-6099AA8834A5}.Debug|Any CPU.Build.0 = Debug|Any CPU
		{84DB1E66-4D07-4EC1-B6FA-6099AA8834A5}.Release|Any CPU.ActiveCfg = Release|Any CPU
		{84DB1E66-4D07-4EC1-B6FA-6099AA8834A5}.Release|Any CPU.Build.0 = Release|Any CPU
	EndGlobalSection
	GlobalSection(SolutionProperties) = preSolution
		HideSolutionNode = FALSE
	EndGlobalSection
	GlobalSection(ExtensibilityGlobals) = postSolution
		SolutionGuid = {79D4F0D1-7DB0-4BFD-A6DD-26AAAB81B245}
	EndGlobalSection
EndGlobal
